// !$*UTF8*$!
{
	archiveVersion = 1;
	classes = {
	};
	objectVersion = 50;
	objects = {

/* Begin PBXBuildFile section */
		4C151A252395BB890006E339 /* AppDelegate.swift in Sources */ = {isa = PBXBuildFile; fileRef = 4C151A242395BB890006E339 /* AppDelegate.swift */; };
		4C151A2C2395BB890006E339 /* Main.storyboard in Resources */ = {isa = PBXBuildFile; fileRef = 4C151A2A2395BB890006E339 /* Main.storyboard */; };
		4C151A2F2395BB890006E339 /* VirtualTourist.xcdatamodeld in Sources */ = {isa = PBXBuildFile; fileRef = 4C151A2D2395BB890006E339 /* VirtualTourist.xcdatamodeld */; };
		4C151A312395BB8A0006E339 /* Assets.xcassets in Resources */ = {isa = PBXBuildFile; fileRef = 4C151A302395BB8A0006E339 /* Assets.xcassets */; };
		4C151A342395BB8A0006E339 /* LaunchScreen.storyboard in Resources */ = {isa = PBXBuildFile; fileRef = 4C151A322395BB8A0006E339 /* LaunchScreen.storyboard */; };
		4C151A3C2395BC110006E339 /* MapViewController.swift in Sources */ = {isa = PBXBuildFile; fileRef = 4C151A3B2395BC110006E339 /* MapViewController.swift */; };
		4C151A402395CD130006E339 /* PhotoAlbumViewController.swift in Sources */ = {isa = PBXBuildFile; fileRef = 4C151A3F2395CD130006E339 /* PhotoAlbumViewController.swift */; };
		4C53D8D823AFE8BE0020DB58 /* SceneDelegate.swift in Sources */ = {isa = PBXBuildFile; fileRef = 4C53D8D723AFE8BD0020DB58 /* SceneDelegate.swift */; };
		4C9C3B7C23B78217003C0B51 /* PhotoAlbumTableViewController.swift in Sources */ = {isa = PBXBuildFile; fileRef = 4C9C3B7B23B78217003C0B51 /* PhotoAlbumTableViewController.swift */; };
		4C9C3B7E23B79158003C0B51 /* UIViewController+Extension.swift in Sources */ = {isa = PBXBuildFile; fileRef = 4C9C3B7D23B79158003C0B51 /* UIViewController+Extension.swift */; };
		4C9C3B8023B7E36A003C0B51 /* NoteViewController.swift in Sources */ = {isa = PBXBuildFile; fileRef = 4C9C3B7F23B7E36A003C0B51 /* NoteViewController.swift */; };
		4CB0FAB8239AE196000547D1 /* PhotoCollectionViewCell.swift in Sources */ = {isa = PBXBuildFile; fileRef = 4CB0FAB7239AE196000547D1 /* PhotoCollectionViewCell.swift */; };
		4CCA072523997C3200F9BA37 /* ClientAPI.swift in Sources */ = {isa = PBXBuildFile; fileRef = 4CCA072423997C3200F9BA37 /* ClientAPI.swift */; };
		4CF3C14F239AA07B00720339 /* PhotoResponse.swift in Sources */ = {isa = PBXBuildFile; fileRef = 4CF3C14E239AA07B00720339 /* PhotoResponse.swift */; };
		4CFDC5362396DAE100E412A3 /* DataController.swift in Sources */ = {isa = PBXBuildFile; fileRef = 4CFDC5352396DAE100E412A3 /* DataController.swift */; };
/* End PBXBuildFile section */

/* Begin PBXFileReference section */
		4C151A212395BB890006E339 /* VirtualTourist.app */ = {isa = PBXFileReference; explicitFileType = wrapper.application; includeInIndex = 0; path = VirtualTourist.app; sourceTree = BUILT_PRODUCTS_DIR; };
		4C151A242395BB890006E339 /* AppDelegate.swift */ = {isa = PBXFileReference; lastKnownFileType = sourcecode.swift; path = AppDelegate.swift; sourceTree = "<group>"; };
		4C151A2B2395BB890006E339 /* Base */ = {isa = PBXFileReference; lastKnownFileType = file.storyboard; name = Base; path = Base.lproj/Main.storyboard; sourceTree = "<group>"; };
		4C151A2E2395BB890006E339 /* VirtualTourist.xcdatamodel */ = {isa = PBXFileReference; lastKnownFileType = wrapper.xcdatamodel; path = VirtualTourist.xcdatamodel; sourceTree = "<group>"; };
		4C151A302395BB8A0006E339 /* Assets.xcassets */ = {isa = PBXFileReference; lastKnownFileType = folder.assetcatalog; path = Assets.xcassets; sourceTree = "<group>"; };
		4C151A332395BB8A0006E339 /* Base */ = {isa = PBXFileReference; lastKnownFileType = file.storyboard; name = Base; path = Base.lproj/LaunchScreen.storyboard; sourceTree = "<group>"; };
		4C151A352395BB8A0006E339 /* Info.plist */ = {isa = PBXFileReference; lastKnownFileType = text.plist.xml; path = Info.plist; sourceTree = "<group>"; };
		4C151A3B2395BC110006E339 /* MapViewController.swift */ = {isa = PBXFileReference; lastKnownFileType = sourcecode.swift; path = MapViewController.swift; sourceTree = "<group>"; };
		4C151A3F2395CD130006E339 /* PhotoAlbumViewController.swift */ = {isa = PBXFileReference; lastKnownFileType = sourcecode.swift; path = PhotoAlbumViewController.swift; sourceTree = "<group>"; };
		4C53D8D723AFE8BD0020DB58 /* SceneDelegate.swift */ = {isa = PBXFileReference; fileEncoding = 4; lastKnownFileType = sourcecode.swift; path = SceneDelegate.swift; sourceTree = "<group>"; };
		4C9C3B7B23B78217003C0B51 /* PhotoAlbumTableViewController.swift */ = {isa = PBXFileReference; lastKnownFileType = sourcecode.swift; path = PhotoAlbumTableViewController.swift; sourceTree = "<group>"; };
		4C9C3B7D23B79158003C0B51 /* UIViewController+Extension.swift */ = {isa = PBXFileReference; lastKnownFileType = sourcecode.swift; path = "UIViewController+Extension.swift"; sourceTree = "<group>"; };
		4C9C3B7F23B7E36A003C0B51 /* NoteViewController.swift */ = {isa = PBXFileReference; lastKnownFileType = sourcecode.swift; path = NoteViewController.swift; sourceTree = "<group>"; };
		4CB0FAB7239AE196000547D1 /* PhotoCollectionViewCell.swift */ = {isa = PBXFileReference; lastKnownFileType = sourcecode.swift; path = PhotoCollectionViewCell.swift; sourceTree = "<group>"; };
		4CCA072423997C3200F9BA37 /* ClientAPI.swift */ = {isa = PBXFileReference; lastKnownFileType = sourcecode.swift; path = ClientAPI.swift; sourceTree = "<group>"; };
		4CF3C14E239AA07B00720339 /* PhotoResponse.swift */ = {isa = PBXFileReference; lastKnownFileType = sourcecode.swift; path = PhotoResponse.swift; sourceTree = "<group>"; };
		4CFDC5352396DAE100E412A3 /* DataController.swift */ = {isa = PBXFileReference; lastKnownFileType = sourcecode.swift; path = DataController.swift; sourceTree = "<group>"; };
/* End PBXFileReference section */

/* Begin PBXFrameworksBuildPhase section */
		4C151A1E2395BB890006E339 /* Frameworks */ = {
			isa = PBXFrameworksBuildPhase;
			buildActionMask = 2147483647;
			files = (
			);
			runOnlyForDeploymentPostprocessing = 0;
		};
/* End PBXFrameworksBuildPhase section */

/* Begin PBXGroup section */
		4C151A182395BB890006E339 = {
			isa = PBXGroup;
			children = (
				4C151A232395BB890006E339 /* VirtualTourist */,
				4C151A222395BB890006E339 /* Products */,
			);
			sourceTree = "<group>";
		};
		4C151A222395BB890006E339 /* Products */ = {
			isa = PBXGroup;
			children = (
				4C151A212395BB890006E339 /* VirtualTourist.app */,
			);
			name = Products;
			sourceTree = "<group>";
		};
		4C151A232395BB890006E339 /* VirtualTourist */ = {
			isa = PBXGroup;
			children = (
				4C151A242395BB890006E339 /* AppDelegate.swift */,
				4C53D8D723AFE8BD0020DB58 /* SceneDelegate.swift */,
				4CCA072323997B3400F9BA37 /* Model */,
				4C151A3D2395BC180006E339 /* Controller */,
				4C151A3E2395BC400006E339 /* View */,
				4C151A352395BB8A0006E339 /* Info.plist */,
			);
			path = VirtualTourist;
			sourceTree = "<group>";
		};
		4C151A3D2395BC180006E339 /* Controller */ = {
			isa = PBXGroup;
			children = (
				4C151A3B2395BC110006E339 /* MapViewController.swift */,
				4C151A3F2395CD130006E339 /* PhotoAlbumViewController.swift */,
				4CFDC5352396DAE100E412A3 /* DataController.swift */,
				4CB0FAB7239AE196000547D1 /* PhotoCollectionViewCell.swift */,
				4C9C3B7B23B78217003C0B51 /* PhotoAlbumTableViewController.swift */,
				4C9C3B7D23B79158003C0B51 /* UIViewController+Extension.swift */,
				4C9C3B7F23B7E36A003C0B51 /* NoteViewController.swift */,
			);
			path = Controller;
			sourceTree = "<group>";
		};
		4C151A3E2395BC400006E339 /* View */ = {
			isa = PBXGroup;
			children = (
				4C151A2A2395BB890006E339 /* Main.storyboard */,
				4C151A302395BB8A0006E339 /* Assets.xcassets */,
				4C151A322395BB8A0006E339 /* LaunchScreen.storyboard */,
			);
			path = View;
			sourceTree = "<group>";
		};
		4CCA072323997B3400F9BA37 /* Model */ = {
			isa = PBXGroup;
			children = (
				4C151A2D2395BB890006E339 /* VirtualTourist.xcdatamodeld */,
				4CCA072423997C3200F9BA37 /* ClientAPI.swift */,
				4CF3C14E239AA07B00720339 /* PhotoResponse.swift */,
			);
			path = Model;
			sourceTree = "<group>";
		};
/* End PBXGroup section */

/* Begin PBXNativeTarget section */
		4C151A202395BB890006E339 /* VirtualTourist */ = {
			isa = PBXNativeTarget;
			buildConfigurationList = 4C151A382395BB8A0006E339 /* Build configuration list for PBXNativeTarget "VirtualTourist" */;
			buildPhases = (
				4C151A1D2395BB890006E339 /* Sources */,
				4C151A1E2395BB890006E339 /* Frameworks */,
				4C151A1F2395BB890006E339 /* Resources */,
			);
			buildRules = (
			);
			dependencies = (
			);
			name = VirtualTourist;
			productName = VirtualTourist;
			productReference = 4C151A212395BB890006E339 /* VirtualTourist.app */;
			productType = "com.apple.product-type.application";
		};
/* End PBXNativeTarget section */

/* Begin PBXProject section */
		4C151A192395BB890006E339 /* Project object */ = {
			isa = PBXProject;
			attributes = {
				LastSwiftUpdateCheck = 1120;
				LastUpgradeCheck = 1120;
				ORGANIZATIONNAME = Fatimah;
				TargetAttributes = {
					4C151A202395BB890006E339 = {
						CreatedOnToolsVersion = 11.2.1;
					};
				};
			};
			buildConfigurationList = 4C151A1C2395BB890006E339 /* Build configuration list for PBXProject "VirtualTourist" */;
			compatibilityVersion = "Xcode 9.3";
			developmentRegion = en;
			hasScannedForEncodings = 0;
			knownRegions = (
				en,
				Base,
			);
			mainGroup = 4C151A182395BB890006E339;
			productRefGroup = 4C151A222395BB890006E339 /* Products */;
			projectDirPath = "";
			projectRoot = "";
			targets = (
				4C151A202395BB890006E339 /* VirtualTourist */,
			);
		};
/* End PBXProject section */

/* Begin PBXResourcesBuildPhase section */
		4C151A1F2395BB890006E339 /* Resources */ = {
			isa = PBXResourcesBuildPhase;
			buildActionMask = 2147483647;
			files = (
				4C151A342395BB8A0006E339 /* LaunchScreen.storyboard in Resources */,
				4C151A312395BB8A0006E339 /* Assets.xcassets in Resources */,
				4C151A2C2395BB890006E339 /* Main.storyboard in Resources */,
			);
			runOnlyForDeploymentPostprocessing = 0;
		};
/* End PBXResourcesBuildPhase section */

/* Begin PBXSourcesBuildPhase section */
		4C151A1D2395BB890006E339 /* Sources */ = {
			isa = PBXSourcesBuildPhase;
			buildActionMask = 2147483647;
			files = (
				4C151A2F2395BB890006E339 /* VirtualTourist.xcdatamodeld in Sources */,
				4C9C3B7E23B79158003C0B51 /* UIViewController+Extension.swift in Sources */,
				4CFDC5362396DAE100E412A3 /* DataController.swift in Sources */,
				4CCA072523997C3200F9BA37 /* ClientAPI.swift in Sources */,
				4C9C3B8023B7E36A003C0B51 /* NoteViewController.swift in Sources */,
				4C151A252395BB890006E339 /* AppDelegate.swift in Sources */,
				4C53D8D823AFE8BE0020DB58 /* SceneDelegate.swift in Sources */,
				4CB0FAB8239AE196000547D1 /* PhotoCollectionViewCell.swift in Sources */,
				4C151A402395CD130006E339 /* PhotoAlbumViewController.swift in Sources */,
				4C151A3C2395BC110006E339 /* MapViewController.swift in Sources */,
				4C9C3B7C23B78217003C0B51 /* PhotoAlbumTableViewController.swift in Sources */,
				4CF3C14F239AA07B00720339 /* PhotoResponse.swift in Sources */,
			);
			runOnlyForDeploymentPostprocessing = 0;
		};
/* End PBXSourcesBuildPhase section */

/* Begin PBXVariantGroup section */
		4C151A2A2395BB890006E339 /* Main.storyboard */ = {
			isa = PBXVariantGroup;
			children = (
				4C151A2B2395BB890006E339 /* Base */,
			);
			name = Main.storyboard;
			sourceTree = "<group>";
		};
		4C151A322395BB8A0006E339 /* LaunchScreen.storyboard */ = {
			isa = PBXVariantGroup;
			children = (
				4C151A332395BB8A0006E339 /* Base */,
			);
			name = LaunchScreen.storyboard;
			sourceTree = "<group>";
		};
/* End PBXVariantGroup section */

/* Begin XCBuildConfiguration section */
		4C151A362395BB8A0006E339 /* Debug */ = {
			isa = XCBuildConfiguration;
			buildSettings = {
				ALWAYS_SEARCH_USER_PATHS = NO;
				CLANG_ANALYZER_NONNULL = YES;
				CLANG_ANALYZER_NUMBER_OBJECT_CONVERSION = YES_AGGRESSIVE;
				CLANG_CXX_LANGUAGE_STANDARD = "gnu++14";
				CLANG_CXX_LIBRARY = "libc++";
				CLANG_ENABLE_MODULES = YES;
				CLANG_ENABLE_OBJC_ARC = YES;
				CLANG_ENABLE_OBJC_WEAK = YES;
				CLANG_WARN_BLOCK_CAPTURE_AUTORELEASING = YES;
				CLANG_WARN_BOOL_CONVERSION = YES;
				CLANG_WARN_COMMA = YES;
				CLANG_WARN_CONSTANT_CONVERSION = YES;
				CLANG_WARN_DEPRECATED_OBJC_IMPLEMENTATIONS = YES;
				CLANG_WARN_DIRECT_OBJC_ISA_USAGE = YES_ERROR;
				CLANG_WARN_DOCUMENTATION_COMMENTS = YES;
				CLANG_WARN_EMPTY_BODY = YES;
				CLANG_WARN_ENUM_CONVERSION = YES;
				CLANG_WARN_INFINITE_RECURSION = YES;
				CLANG_WARN_INT_CONVERSION = YES;
				CLANG_WARN_NON_LITERAL_NULL_CONVERSION = YES;
				CLANG_WARN_OBJC_IMPLICIT_RETAIN_SELF = YES;
				CLANG_WARN_OBJC_LITERAL_CONVERSION = YES;
				CLANG_WARN_OBJC_ROOT_CLASS = YES_ERROR;
				CLANG_WARN_RANGE_LOOP_ANALYSIS = YES;
				CLANG_WARN_STRICT_PROTOTYPES = YES;
				CLANG_WARN_SUSPICIOUS_MOVE = YES;
				CLANG_WARN_UNGUARDED_AVAILABILITY = YES_AGGRESSIVE;
				CLANG_WARN_UNREACHABLE_CODE = YES;
				CLANG_WARN__DUPLICATE_METHOD_MATCH = YES;
				COPY_PHASE_STRIP = NO;
				DEBUG_INFORMATION_FORMAT = dwarf;
				ENABLE_STRICT_OBJC_MSGSEND = YES;
				ENABLE_TESTABILITY = YES;
				GCC_C_LANGUAGE_STANDARD = gnu11;
				GCC_DYNAMIC_NO_PIC = NO;
				GCC_NO_COMMON_BLOCKS = YES;
				GCC_OPTIMIZATION_LEVEL = 0;
				GCC_PREPROCESSOR_DEFINITIONS = (
					"DEBUG=1",
					"$(inherited)",
				);
				GCC_WARN_64_TO_32_BIT_CONVERSION = YES;
				GCC_WARN_ABOUT_RETURN_TYPE = YES_ERROR;
				GCC_WARN_UNDECLARED_SELECTOR = YES;
				GCC_WARN_UNINITIALIZED_AUTOS = YES_AGGRESSIVE;
				GCC_WARN_UNUSED_FUNCTION = YES;
				GCC_WARN_UNUSED_VARIABLE = YES;
				IPHONEOS_DEPLOYMENT_TARGET = 13.2;
				MTL_ENABLE_DEBUG_INFO = INCLUDE_SOURCE;
				MTL_FAST_MATH = YES;
				ONLY_ACTIVE_ARCH = YES;
				SDKROOT = iphoneos;
				SWIFT_ACTIVE_COMPILATION_CONDITIONS = DEBUG;
				SWIFT_OPTIMIZATION_LEVEL = "-Onone";
			};
			name = Debug;
		};
		4C151A372395BB8A0006E339 /* Release */ = {
			isa = XCBuildConfiguration;
			buildSettings = {
				ALWAYS_SEARCH_USER_PATHS = NO;
				CLANG_ANALYZER_NONNULL = YES;
				CLANG_ANALYZER_NUMBER_OBJECT_CONVERSION = YES_AGGRESSIVE;
				CLANG_CXX_LANGUAGE_STANDARD = "gnu++14";
				CLANG_CXX_LIBRARY = "libc++";
				CLANG_ENABLE_MODULES = YES;
				CLANG_ENABLE_OBJC_ARC = YES;
				CLANG_ENABLE_OBJC_WEAK = YES;
				CLANG_WARN_BLOCK_CAPTURE_AUTORELEASING = YES;
				CLANG_WARN_BOOL_CONVERSION = YES;
				CLANG_WARN_COMMA = YES;
				CLANG_WARN_CONSTANT_CONVERSION = YES;
				CLANG_WARN_DEPRECATED_OBJC_IMPLEMENTATIONS = YES;
				CLANG_WARN_DIRECT_OBJC_ISA_USAGE = YES_ERROR;
				CLANG_WARN_DOCUMENTATION_COMMENTS = YES;
				CLANG_WARN_EMPTY_BODY = YES;
				CLANG_WARN_ENUM_CONVERSION = YES;
				CLANG_WARN_INFINITE_RECURSION = YES;
				CLANG_WARN_INT_CONVERSION = YES;
				CLANG_WARN_NON_LITERAL_NULL_CONVERSION = YES;
				CLANG_WARN_OBJC_IMPLICIT_RETAIN_SELF = YES;
				CLANG_WARN_OBJC_LITERAL_CONVERSION = YES;
				CLANG_WARN_OBJC_ROOT_CLASS = YES_ERROR;
				CLANG_WARN_RANGE_LOOP_ANALYSIS = YES;
				CLANG_WARN_STRICT_PROTOTYPES = YES;
				CLANG_WARN_SUSPICIOUS_MOVE = YES;
				CLANG_WARN_UNGUARDED_AVAILABILITY = YES_AGGRESSIVE;
				CLANG_WARN_UNREACHABLE_CODE = YES;
				CLANG_WARN__DUPLICATE_METHOD_MATCH = YES;
				COPY_PHASE_STRIP = NO;
				DEBUG_INFORMATION_FORMAT = "dwarf-with-dsym";
				ENABLE_NS_ASSERTIONS = NO;
				ENABLE_STRICT_OBJC_MSGSEND = YES;
				GCC_C_LANGUAGE_STANDARD = gnu11;
				GCC_NO_COMMON_BLOCKS = YES;
				GCC_WARN_64_TO_32_BIT_CONVERSION = YES;
				GCC_WARN_ABOUT_RETURN_TYPE = YES_ERROR;
				GCC_WARN_UNDECLARED_SELECTOR = YES;
				GCC_WARN_UNINITIALIZED_AUTOS = YES_AGGRESSIVE;
				GCC_WARN_UNUSED_FUNCTION = YES;
				GCC_WARN_UNUSED_VARIABLE = YES;
				IPHONEOS_DEPLOYMENT_TARGET = 13.2;
				MTL_ENABLE_DEBUG_INFO = NO;
				MTL_FAST_MATH = YES;
				SDKROOT = iphoneos;
				SWIFT_COMPILATION_MODE = wholemodule;
				SWIFT_OPTIMIZATION_LEVEL = "-O";
				VALIDATE_PRODUCT = YES;
			};
			name = Release;
		};
		4C151A392395BB8A0006E339 /* Debug */ = {
			isa = XCBuildConfiguration;
			buildSettings = {
				ASSETCATALOG_COMPILER_APPICON_NAME = AppIcon;
				CODE_SIGN_STYLE = Automatic;
				DEVELOPMENT_TEAM = 4T55PKD9KJ;
				INFOPLIST_FILE = VirtualTourist/Info.plist;
				LD_RUNPATH_SEARCH_PATHS = (
					"$(inherited)",
					"@executable_path/Frameworks",
				);
				PRODUCT_BUNDLE_IDENTIFIER = fatima.VirtualTourist;
				PRODUCT_NAME = "$(TARGET_NAME)";
				SWIFT_VERSION = 5.0;
				TARGETED_DEVICE_FAMILY = "1,2";
			};
			name = Debug;
		};
		4C151A3A2395BB8A0006E339 /* Release */ = {
			isa = XCBuildConfiguration;
			buildSettings = {
				ASSETCATALOG_COMPILER_APPICON_NAME = AppIcon;
				CODE_SIGN_STYLE = Automatic;
				DEVELOPMENT_TEAM = 4T55PKD9KJ;
				INFOPLIST_FILE = VirtualTourist/Info.plist;
				LD_RUNPATH_SEARCH_PATHS = (
					"$(inherited)",
					"@executable_path/Frameworks",
				);
				PRODUCT_BUNDLE_IDENTIFIER = fatima.VirtualTourist;
				PRODUCT_NAME = "$(TARGET_NAME)";
				SWIFT_VERSION = 5.0;
				TARGETED_DEVICE_FAMILY = "1,2";
			};
			name = Release;
		};
/* End XCBuildConfiguration section */

/* Begin XCConfigurationList section */
		4C151A1C2395BB890006E339 /* Build configuration list for PBXProject "VirtualTourist" */ = {
			isa = XCConfigurationList;
			buildConfigurations = (
				4C151A362395BB8A0006E339 /* Debug */,
				4C151A372395BB8A0006E339 /* Release */,
			);
			defaultConfigurationIsVisible = 0;
			defaultConfigurationName = Release;
		};
		4C151A382395BB8A0006E339 /* Build configuration list for PBXNativeTarget "VirtualTourist" */ = {
			isa = XCConfigurationList;
			buildConfigurations = (
				4C151A392395BB8A0006E339 /* Debug */,
				4C151A3A2395BB8A0006E339 /* Release */,
			);
			defaultConfigurationIsVisible = 0;
			defaultConfigurationName = Release;
		};
/* End XCConfigurationList section */

/* Begin XCVersionGroup section */
		4C151A2D2395BB890006E339 /* VirtualTourist.xcdatamodeld */ = {
			isa = XCVersionGroup;
			children = (
				4C151A2E2395BB890006E339 /* VirtualTourist.xcdatamodel */,
			);
			currentVersion = 4C151A2E2395BB890006E339 /* VirtualTourist.xcdatamodel */;
			path = VirtualTourist.xcdatamodeld;
			sourceTree = "<group>";
			versionGroupType = wrapper.xcdatamodel;
		};
/* End XCVersionGroup section */
	};
	rootObject = 4C151A192395BB890006E339 /* Project object */;
}
